// !$*UTF8*$!
{
	archiveVersion = 1;
	classes = {
	};
	objectVersion = 56;
	objects = {

/* Begin PBXBuildFile section */
		2CFD70F02BF29E4F003C2D3D /* SeatsView.swift in Sources */ = {isa = PBXBuildFile; fileRef = 2CFD70EF2BF29E4F003C2D3D /* SeatsView.swift */; };
		2CFD70F22BF29E62003C2D3D /* SeatsViewModel.swift in Sources */ = {isa = PBXBuildFile; fileRef = 2CFD70F12BF29E62003C2D3D /* SeatsViewModel.swift */; };
		84EC5E702BF0AC1700FC1577 /* BookView.swift in Sources */ = {isa = PBXBuildFile; fileRef = 84EC5E6F2BF0AC1700FC1577 /* BookView.swift */; };
		84EC5E722BF0ACAD00FC1577 /* BookViewModel.swift in Sources */ = {isa = PBXBuildFile; fileRef = 84EC5E712BF0ACAD00FC1577 /* BookViewModel.swift */; };
		84EC5E742BF0B3C700FC1577 /* AfterBookViewModel.swift in Sources */ = {isa = PBXBuildFile; fileRef = 84EC5E732BF0B3C700FC1577 /* AfterBookViewModel.swift */; };
		84EC5E762BF0B3E000FC1577 /* AfterBookView.swift in Sources */ = {isa = PBXBuildFile; fileRef = 84EC5E752BF0B3E000FC1577 /* AfterBookView.swift */; };
		AC0016B22BF062170081B48E /* ProfileView.swift in Sources */ = {isa = PBXBuildFile; fileRef = AC0016B12BF062170081B48E /* ProfileView.swift */; };
		AC0016B42BF08AA10081B48E /* MenuViewModel.swift in Sources */ = {isa = PBXBuildFile; fileRef = AC0016B32BF08AA10081B48E /* MenuViewModel.swift */; };
		AC0016B62BF08FCC0081B48E /* UserSettingModel.swift in Sources */ = {isa = PBXBuildFile; fileRef = AC0016B52BF08FCC0081B48E /* UserSettingModel.swift */; };
		AC0016B82BF0921D0081B48E /* ProfileViewModel.swift in Sources */ = {isa = PBXBuildFile; fileRef = AC0016B72BF0921D0081B48E /* ProfileViewModel.swift */; };
		AC0016BA2BF096BA0081B48E /* ProfileEditView.swift in Sources */ = {isa = PBXBuildFile; fileRef = AC0016B92BF096BA0081B48E /* ProfileEditView.swift */; };
		AC0016BC2BF096D40081B48E /* ProfileEditViewModel.swift in Sources */ = {isa = PBXBuildFile; fileRef = AC0016BB2BF096D40081B48E /* ProfileEditViewModel.swift */; };
		AC385D522BECF9C400BED627 /* MenuView.swift in Sources */ = {isa = PBXBuildFile; fileRef = AC385D512BECF9C400BED627 /* MenuView.swift */; };
		AC385D542BED162B00BED627 /* LoginView.swift in Sources */ = {isa = PBXBuildFile; fileRef = AC385D532BED162B00BED627 /* LoginView.swift */; };
		AC385D562BED192100BED627 /* RegisterView.swift in Sources */ = {isa = PBXBuildFile; fileRef = AC385D552BED192100BED627 /* RegisterView.swift */; };
		AC385D582BED1A0900BED627 /* RegisterViewModel.swift in Sources */ = {isa = PBXBuildFile; fileRef = AC385D572BED1A0900BED627 /* RegisterViewModel.swift */; };
		AC385D5A2BEF31BF00BED627 /* AboutUsView.swift in Sources */ = {isa = PBXBuildFile; fileRef = AC385D592BEF31BF00BED627 /* AboutUsView.swift */; };
		AC385D5C2BEF3EFD00BED627 /* AboutUsViewModel.swift in Sources */ = {isa = PBXBuildFile; fileRef = AC385D5B2BEF3EFD00BED627 /* AboutUsViewModel.swift */; };
		AC385D5E2BEF781400BED627 /* GoogleService-Info.plist in Resources */ = {isa = PBXBuildFile; fileRef = AC385D5D2BEF781400BED627 /* GoogleService-Info.plist */; };
		AC385D5F2BEF781400BED627 /* GoogleService-Info.plist in Resources */ = {isa = PBXBuildFile; fileRef = AC385D5D2BEF781400BED627 /* GoogleService-Info.plist */; };
		AC385D602BEF781400BED627 /* GoogleService-Info.plist in Resources */ = {isa = PBXBuildFile; fileRef = AC385D5D2BEF781400BED627 /* GoogleService-Info.plist */; };
		AC385D632BEF797F00BED627 /* FirebaseAnalytics in Frameworks */ = {isa = PBXBuildFile; productRef = AC385D622BEF797F00BED627 /* FirebaseAnalytics */; };
		AC385D652BEF797F00BED627 /* FirebaseAnalyticsSwift in Frameworks */ = {isa = PBXBuildFile; productRef = AC385D642BEF797F00BED627 /* FirebaseAnalyticsSwift */; };
		AC385D672BEF7D4D00BED627 /* FirebaseAnalyticsOnDeviceConversion in Frameworks */ = {isa = PBXBuildFile; productRef = AC385D662BEF7D4D00BED627 /* FirebaseAnalyticsOnDeviceConversion */; };
		AC385D692BEF7D4D00BED627 /* FirebaseDatabase in Frameworks */ = {isa = PBXBuildFile; productRef = AC385D682BEF7D4D00BED627 /* FirebaseDatabase */; };
		AC385D6B2BEF7D4D00BED627 /* FirebaseDatabaseSwift in Frameworks */ = {isa = PBXBuildFile; productRef = AC385D6A2BEF7D4D00BED627 /* FirebaseDatabaseSwift */; };
		AC385D6D2BEF7D4D00BED627 /* FirebaseFirestore in Frameworks */ = {isa = PBXBuildFile; productRef = AC385D6C2BEF7D4D00BED627 /* FirebaseFirestore */; };
		AC385D6F2BEF7D4D00BED627 /* FirebaseFirestoreSwift in Frameworks */ = {isa = PBXBuildFile; productRef = AC385D6E2BEF7D4D00BED627 /* FirebaseFirestoreSwift */; };
		AC385D712BF0440600BED627 /* LoginViewModel.swift in Sources */ = {isa = PBXBuildFile; fileRef = AC385D702BF0440600BED627 /* LoginViewModel.swift */; };
		AC385D742BF04A9700BED627 /* FirebaseAuth in Frameworks */ = {isa = PBXBuildFile; productRef = AC385D732BF04A9700BED627 /* FirebaseAuth */; };
		ACAABE582BE9DE3700680D38 /* Github_GroupAss3App.swift in Sources */ = {isa = PBXBuildFile; fileRef = ACAABE572BE9DE3700680D38 /* Github_GroupAss3App.swift */; };
		ACAABE5A2BE9DE3700680D38 /* ContentView.swift in Sources */ = {isa = PBXBuildFile; fileRef = ACAABE592BE9DE3700680D38 /* ContentView.swift */; };
		ACAABE5C2BE9DE3800680D38 /* Assets.xcassets in Resources */ = {isa = PBXBuildFile; fileRef = ACAABE5B2BE9DE3800680D38 /* Assets.xcassets */; };
		ACAABE5F2BE9DE3800680D38 /* Preview Assets.xcassets in Resources */ = {isa = PBXBuildFile; fileRef = ACAABE5E2BE9DE3800680D38 /* Preview Assets.xcassets */; };
		ACAABE692BE9DE3800680D38 /* Github_GroupAss3Tests.swift in Sources */ = {isa = PBXBuildFile; fileRef = ACAABE682BE9DE3800680D38 /* Github_GroupAss3Tests.swift */; };
		ACAABE732BE9DE3800680D38 /* Github_GroupAss3UITests.swift in Sources */ = {isa = PBXBuildFile; fileRef = ACAABE722BE9DE3800680D38 /* Github_GroupAss3UITests.swift */; };
		ACAABE752BE9DE3800680D38 /* Github_GroupAss3UITestsLaunchTests.swift in Sources */ = {isa = PBXBuildFile; fileRef = ACAABE742BE9DE3800680D38 /* Github_GroupAss3UITestsLaunchTests.swift */; };
		C99BD1DB2BF249EE00BDCF13 /* EventView.swift in Sources */ = {isa = PBXBuildFile; fileRef = C99BD1DA2BF249EE00BDCF13 /* EventView.swift */; };
		C99BD1DD2BF24A0800BDCF13 /* EventViewModel.swift in Sources */ = {isa = PBXBuildFile; fileRef = C99BD1DC2BF24A0800BDCF13 /* EventViewModel.swift */; };
		C99BD1DF2BF2546300BDCF13 /* MovieInfoViewModel.swift in Sources */ = {isa = PBXBuildFile; fileRef = C99BD1DE2BF2546300BDCF13 /* MovieInfoViewModel.swift */; };
		C99BD1E12BF254AF00BDCF13 /* MovieInfoView.swift in Sources */ = {isa = PBXBuildFile; fileRef = C99BD1E02BF254AF00BDCF13 /* MovieInfoView.swift */; };
		C9A7391B2BF7242500CA408E /* ManageView.swift in Sources */ = {isa = PBXBuildFile; fileRef = C9A7391A2BF7242500CA408E /* ManageView.swift */; };
		C9A7391D2BF7244F00CA408E /* ManageMovieEditView.swift in Sources */ = {isa = PBXBuildFile; fileRef = C9A7391C2BF7244F00CA408E /* ManageMovieEditView.swift */; };
		C9A7391F2BF7246800CA408E /* ManageViewModel.swift in Sources */ = {isa = PBXBuildFile; fileRef = C9A7391E2BF7246800CA408E /* ManageViewModel.swift */; };
		C9A739212BF7248B00CA408E /* ManageMovieEditViewModel.swift in Sources */ = {isa = PBXBuildFile; fileRef = C9A739202BF7248B00CA408E /* ManageMovieEditViewModel.swift */; };
/* End PBXBuildFile section */

/* Begin PBXContainerItemProxy section */
		ACAABE652BE9DE3800680D38 /* PBXContainerItemProxy */ = {
			isa = PBXContainerItemProxy;
			containerPortal = ACAABE4C2BE9DE3700680D38 /* Project object */;
			proxyType = 1;
			remoteGlobalIDString = ACAABE532BE9DE3700680D38;
			remoteInfo = "Github-GroupAss3";
		};
		ACAABE6F2BE9DE3800680D38 /* PBXContainerItemProxy */ = {
			isa = PBXContainerItemProxy;
			containerPortal = ACAABE4C2BE9DE3700680D38 /* Project object */;
			proxyType = 1;
			remoteGlobalIDString = ACAABE532BE9DE3700680D38;
			remoteInfo = "Github-GroupAss3";
		};
/* End PBXContainerItemProxy section */

/* Begin PBXFileReference section */
		2CFD70EF2BF29E4F003C2D3D /* SeatsView.swift */ = {isa = PBXFileReference; lastKnownFileType = sourcecode.swift; path = SeatsView.swift; sourceTree = "<group>"; };
		2CFD70F12BF29E62003C2D3D /* SeatsViewModel.swift */ = {isa = PBXFileReference; lastKnownFileType = sourcecode.swift; path = SeatsViewModel.swift; sourceTree = "<group>"; };
		84EC5E6F2BF0AC1700FC1577 /* BookView.swift */ = {isa = PBXFileReference; lastKnownFileType = sourcecode.swift; path = BookView.swift; sourceTree = "<group>"; };
		84EC5E712BF0ACAD00FC1577 /* BookViewModel.swift */ = {isa = PBXFileReference; lastKnownFileType = sourcecode.swift; path = BookViewModel.swift; sourceTree = "<group>"; };
		84EC5E732BF0B3C700FC1577 /* AfterBookViewModel.swift */ = {isa = PBXFileReference; lastKnownFileType = sourcecode.swift; path = AfterBookViewModel.swift; sourceTree = "<group>"; };
		84EC5E752BF0B3E000FC1577 /* AfterBookView.swift */ = {isa = PBXFileReference; lastKnownFileType = sourcecode.swift; path = AfterBookView.swift; sourceTree = "<group>"; };
		AC0016B12BF062170081B48E /* ProfileView.swift */ = {isa = PBXFileReference; lastKnownFileType = sourcecode.swift; path = ProfileView.swift; sourceTree = "<group>"; };
		AC0016B32BF08AA10081B48E /* MenuViewModel.swift */ = {isa = PBXFileReference; lastKnownFileType = sourcecode.swift; path = MenuViewModel.swift; sourceTree = "<group>"; };
		AC0016B52BF08FCC0081B48E /* UserSettingModel.swift */ = {isa = PBXFileReference; lastKnownFileType = sourcecode.swift; path = UserSettingModel.swift; sourceTree = "<group>"; };
		AC0016B72BF0921D0081B48E /* ProfileViewModel.swift */ = {isa = PBXFileReference; lastKnownFileType = sourcecode.swift; path = ProfileViewModel.swift; sourceTree = "<group>"; };
		AC0016B92BF096BA0081B48E /* ProfileEditView.swift */ = {isa = PBXFileReference; lastKnownFileType = sourcecode.swift; path = ProfileEditView.swift; sourceTree = "<group>"; };
		AC0016BB2BF096D40081B48E /* ProfileEditViewModel.swift */ = {isa = PBXFileReference; lastKnownFileType = sourcecode.swift; path = ProfileEditViewModel.swift; sourceTree = "<group>"; };
		AC385D512BECF9C400BED627 /* MenuView.swift */ = {isa = PBXFileReference; lastKnownFileType = sourcecode.swift; path = MenuView.swift; sourceTree = "<group>"; };
		AC385D532BED162B00BED627 /* LoginView.swift */ = {isa = PBXFileReference; lastKnownFileType = sourcecode.swift; path = LoginView.swift; sourceTree = "<group>"; };
		AC385D552BED192100BED627 /* RegisterView.swift */ = {isa = PBXFileReference; lastKnownFileType = sourcecode.swift; path = RegisterView.swift; sourceTree = "<group>"; };
		AC385D572BED1A0900BED627 /* RegisterViewModel.swift */ = {isa = PBXFileReference; lastKnownFileType = sourcecode.swift; path = RegisterViewModel.swift; sourceTree = "<group>"; };
		AC385D592BEF31BF00BED627 /* AboutUsView.swift */ = {isa = PBXFileReference; lastKnownFileType = sourcecode.swift; path = AboutUsView.swift; sourceTree = "<group>"; };
		AC385D5B2BEF3EFD00BED627 /* AboutUsViewModel.swift */ = {isa = PBXFileReference; lastKnownFileType = sourcecode.swift; path = AboutUsViewModel.swift; sourceTree = "<group>"; };
		AC385D5D2BEF781400BED627 /* GoogleService-Info.plist */ = {isa = PBXFileReference; fileEncoding = 4; lastKnownFileType = text.plist.xml; path = "GoogleService-Info.plist"; sourceTree = "<group>"; };
		AC385D702BF0440600BED627 /* LoginViewModel.swift */ = {isa = PBXFileReference; lastKnownFileType = sourcecode.swift; path = LoginViewModel.swift; sourceTree = "<group>"; };
		ACAABE542BE9DE3700680D38 /* Github-GroupAss3.app */ = {isa = PBXFileReference; explicitFileType = wrapper.application; includeInIndex = 0; path = "Github-GroupAss3.app"; sourceTree = BUILT_PRODUCTS_DIR; };
		ACAABE572BE9DE3700680D38 /* Github_GroupAss3App.swift */ = {isa = PBXFileReference; lastKnownFileType = sourcecode.swift; path = Github_GroupAss3App.swift; sourceTree = "<group>"; };
		ACAABE592BE9DE3700680D38 /* ContentView.swift */ = {isa = PBXFileReference; lastKnownFileType = sourcecode.swift; path = ContentView.swift; sourceTree = "<group>"; };
		ACAABE5B2BE9DE3800680D38 /* Assets.xcassets */ = {isa = PBXFileReference; lastKnownFileType = folder.assetcatalog; path = Assets.xcassets; sourceTree = "<group>"; };
		ACAABE5E2BE9DE3800680D38 /* Preview Assets.xcassets */ = {isa = PBXFileReference; lastKnownFileType = folder.assetcatalog; path = "Preview Assets.xcassets"; sourceTree = "<group>"; };
		ACAABE642BE9DE3800680D38 /* Github-GroupAss3Tests.xctest */ = {isa = PBXFileReference; explicitFileType = wrapper.cfbundle; includeInIndex = 0; path = "Github-GroupAss3Tests.xctest"; sourceTree = BUILT_PRODUCTS_DIR; };
		ACAABE682BE9DE3800680D38 /* Github_GroupAss3Tests.swift */ = {isa = PBXFileReference; lastKnownFileType = sourcecode.swift; path = Github_GroupAss3Tests.swift; sourceTree = "<group>"; };
		ACAABE6E2BE9DE3800680D38 /* Github-GroupAss3UITests.xctest */ = {isa = PBXFileReference; explicitFileType = wrapper.cfbundle; includeInIndex = 0; path = "Github-GroupAss3UITests.xctest"; sourceTree = BUILT_PRODUCTS_DIR; };
		ACAABE722BE9DE3800680D38 /* Github_GroupAss3UITests.swift */ = {isa = PBXFileReference; lastKnownFileType = sourcecode.swift; path = Github_GroupAss3UITests.swift; sourceTree = "<group>"; };
		ACAABE742BE9DE3800680D38 /* Github_GroupAss3UITestsLaunchTests.swift */ = {isa = PBXFileReference; lastKnownFileType = sourcecode.swift; path = Github_GroupAss3UITestsLaunchTests.swift; sourceTree = "<group>"; };
		C99BD1DA2BF249EE00BDCF13 /* EventView.swift */ = {isa = PBXFileReference; lastKnownFileType = sourcecode.swift; path = EventView.swift; sourceTree = "<group>"; };
		C99BD1DC2BF24A0800BDCF13 /* EventViewModel.swift */ = {isa = PBXFileReference; lastKnownFileType = sourcecode.swift; name = EventViewModel.swift; path = "Preview Content/EventViewModel.swift"; sourceTree = "<group>"; };
		C99BD1DE2BF2546300BDCF13 /* MovieInfoViewModel.swift */ = {isa = PBXFileReference; lastKnownFileType = sourcecode.swift; path = MovieInfoViewModel.swift; sourceTree = "<group>"; };
		C99BD1E02BF254AF00BDCF13 /* MovieInfoView.swift */ = {isa = PBXFileReference; lastKnownFileType = sourcecode.swift; path = MovieInfoView.swift; sourceTree = "<group>"; };
		C9A7391A2BF7242500CA408E /* ManageView.swift */ = {isa = PBXFileReference; lastKnownFileType = sourcecode.swift; path = ManageView.swift; sourceTree = "<group>"; };
		C9A7391C2BF7244F00CA408E /* ManageMovieEditView.swift */ = {isa = PBXFileReference; lastKnownFileType = sourcecode.swift; path = ManageMovieEditView.swift; sourceTree = "<group>"; };
		C9A7391E2BF7246800CA408E /* ManageViewModel.swift */ = {isa = PBXFileReference; lastKnownFileType = sourcecode.swift; path = ManageViewModel.swift; sourceTree = "<group>"; };
		C9A739202BF7248B00CA408E /* ManageMovieEditViewModel.swift */ = {isa = PBXFileReference; lastKnownFileType = sourcecode.swift; path = ManageMovieEditViewModel.swift; sourceTree = "<group>"; };
/* End PBXFileReference section */

/* Begin PBXFrameworksBuildPhase section */
		ACAABE512BE9DE3700680D38 /* Frameworks */ = {
			isa = PBXFrameworksBuildPhase;
			buildActionMask = 2147483647;
			files = (
				AC385D6B2BEF7D4D00BED627 /* FirebaseDatabaseSwift in Frameworks */,
				AC385D652BEF797F00BED627 /* FirebaseAnalyticsSwift in Frameworks */,
				AC385D672BEF7D4D00BED627 /* FirebaseAnalyticsOnDeviceConversion in Frameworks */,
				AC385D6F2BEF7D4D00BED627 /* FirebaseFirestoreSwift in Frameworks */,
				AC385D692BEF7D4D00BED627 /* FirebaseDatabase in Frameworks */,
				AC385D632BEF797F00BED627 /* FirebaseAnalytics in Frameworks */,
				AC385D6D2BEF7D4D00BED627 /* FirebaseFirestore in Frameworks */,
				AC385D742BF04A9700BED627 /* FirebaseAuth in Frameworks */,
			);
			runOnlyForDeploymentPostprocessing = 0;
		};
		ACAABE612BE9DE3800680D38 /* Frameworks */ = {
			isa = PBXFrameworksBuildPhase;
			buildActionMask = 2147483647;
			files = (
			);
			runOnlyForDeploymentPostprocessing = 0;
		};
		ACAABE6B2BE9DE3800680D38 /* Frameworks */ = {
			isa = PBXFrameworksBuildPhase;
			buildActionMask = 2147483647;
			files = (
			);
			runOnlyForDeploymentPostprocessing = 0;
		};
/* End PBXFrameworksBuildPhase section */

/* Begin PBXGroup section */
		AC385D722BF04A9700BED627 /* Frameworks */ = {
			isa = PBXGroup;
			children = (
			);
			name = Frameworks;
			sourceTree = "<group>";
		};
		ACAABE4B2BE9DE3700680D38 = {
			isa = PBXGroup;
			children = (
				ACAABE562BE9DE3700680D38 /* Github-GroupAss3 */,
				ACAABE672BE9DE3800680D38 /* Github-GroupAss3Tests */,
				ACAABE712BE9DE3800680D38 /* Github-GroupAss3UITests */,
				ACAABE552BE9DE3700680D38 /* Products */,
				AC385D722BF04A9700BED627 /* Frameworks */,
			);
			sourceTree = "<group>";
		};
		ACAABE552BE9DE3700680D38 /* Products */ = {
			isa = PBXGroup;
			children = (
				ACAABE542BE9DE3700680D38 /* Github-GroupAss3.app */,
				ACAABE642BE9DE3800680D38 /* Github-GroupAss3Tests.xctest */,
				ACAABE6E2BE9DE3800680D38 /* Github-GroupAss3UITests.xctest */,
			);
			name = Products;
			sourceTree = "<group>";
		};
		ACAABE562BE9DE3700680D38 /* Github-GroupAss3 */ = {
			isa = PBXGroup;
			children = (
				ACAABE572BE9DE3700680D38 /* Github_GroupAss3App.swift */,
				ACAABE592BE9DE3700680D38 /* ContentView.swift */,
				ACAABE5B2BE9DE3800680D38 /* Assets.xcassets */,
				AC385D5D2BEF781400BED627 /* GoogleService-Info.plist */,
				ACAABE5D2BE9DE3800680D38 /* Preview Content */,
				AC385D512BECF9C400BED627 /* MenuView.swift */,
				AC0016B32BF08AA10081B48E /* MenuViewModel.swift */,
				C99BD1E02BF254AF00BDCF13 /* MovieInfoView.swift */,
				C99BD1DE2BF2546300BDCF13 /* MovieInfoViewModel.swift */,
				C99BD1DA2BF249EE00BDCF13 /* EventView.swift */,
				C99BD1DC2BF24A0800BDCF13 /* EventViewModel.swift */,
				84EC5E6F2BF0AC1700FC1577 /* BookView.swift */,
				84EC5E712BF0ACAD00FC1577 /* BookViewModel.swift */,
				84EC5E752BF0B3E000FC1577 /* AfterBookView.swift */,
				84EC5E732BF0B3C700FC1577 /* AfterBookViewModel.swift */,
				2CFD70EF2BF29E4F003C2D3D /* SeatsView.swift */,
				2CFD70F12BF29E62003C2D3D /* SeatsViewModel.swift */,
				AC385D532BED162B00BED627 /* LoginView.swift */,
				AC385D702BF0440600BED627 /* LoginViewModel.swift */,
				AC385D552BED192100BED627 /* RegisterView.swift */,
				AC385D572BED1A0900BED627 /* RegisterViewModel.swift */,
				AC0016B12BF062170081B48E /* ProfileView.swift */,
				AC0016B72BF0921D0081B48E /* ProfileViewModel.swift */,
				AC0016B92BF096BA0081B48E /* ProfileEditView.swift */,
				AC0016BB2BF096D40081B48E /* ProfileEditViewModel.swift */,
				C9A7391A2BF7242500CA408E /* ManageView.swift */,
				C9A7391E2BF7246800CA408E /* ManageViewModel.swift */,
				C9A7391C2BF7244F00CA408E /* ManageMovieEditView.swift */,
				C9A739202BF7248B00CA408E /* ManageMovieEditViewModel.swift */,
				AC385D592BEF31BF00BED627 /* AboutUsView.swift */,
				AC0016B52BF08FCC0081B48E /* UserSettingModel.swift */,
			);
			path = "Github-GroupAss3";
			sourceTree = "<group>";
		};
		ACAABE5D2BE9DE3800680D38 /* Preview Content */ = {
			isa = PBXGroup;
			children = (
				ACAABE5E2BE9DE3800680D38 /* Preview Assets.xcassets */,
				AC385D5B2BEF3EFD00BED627 /* AboutUsViewModel.swift */,
			);
			path = "Preview Content";
			sourceTree = "<group>";
		};
		ACAABE672BE9DE3800680D38 /* Github-GroupAss3Tests */ = {
			isa = PBXGroup;
			children = (
				ACAABE682BE9DE3800680D38 /* Github_GroupAss3Tests.swift */,
			);
			path = "Github-GroupAss3Tests";
			sourceTree = "<group>";
		};
		ACAABE712BE9DE3800680D38 /* Github-GroupAss3UITests */ = {
			isa = PBXGroup;
			children = (
				ACAABE722BE9DE3800680D38 /* Github_GroupAss3UITests.swift */,
				ACAABE742BE9DE3800680D38 /* Github_GroupAss3UITestsLaunchTests.swift */,
			);
			path = "Github-GroupAss3UITests";
			sourceTree = "<group>";
		};
/* End PBXGroup section */

/* Begin PBXNativeTarget section */
		ACAABE532BE9DE3700680D38 /* Github-GroupAss3 */ = {
			isa = PBXNativeTarget;
			buildConfigurationList = ACAABE782BE9DE3800680D38 /* Build configuration list for PBXNativeTarget "Github-GroupAss3" */;
			buildPhases = (
				ACAABE502BE9DE3700680D38 /* Sources */,
				ACAABE512BE9DE3700680D38 /* Frameworks */,
				ACAABE522BE9DE3700680D38 /* Resources */,
			);
			buildRules = (
			);
			dependencies = (
			);
			name = "Github-GroupAss3";
			packageProductDependencies = (
				AC385D622BEF797F00BED627 /* FirebaseAnalytics */,
				AC385D642BEF797F00BED627 /* FirebaseAnalyticsSwift */,
				AC385D662BEF7D4D00BED627 /* FirebaseAnalyticsOnDeviceConversion */,
				AC385D682BEF7D4D00BED627 /* FirebaseDatabase */,
				AC385D6A2BEF7D4D00BED627 /* FirebaseDatabaseSwift */,
				AC385D6C2BEF7D4D00BED627 /* FirebaseFirestore */,
				AC385D6E2BEF7D4D00BED627 /* FirebaseFirestoreSwift */,
				AC385D732BF04A9700BED627 /* FirebaseAuth */,
			);
			productName = "Github-GroupAss3";
			productReference = ACAABE542BE9DE3700680D38 /* Github-GroupAss3.app */;
			productType = "com.apple.product-type.application";
		};
		ACAABE632BE9DE3800680D38 /* Github-GroupAss3Tests */ = {
			isa = PBXNativeTarget;
			buildConfigurationList = ACAABE7B2BE9DE3800680D38 /* Build configuration list for PBXNativeTarget "Github-GroupAss3Tests" */;
			buildPhases = (
				ACAABE602BE9DE3800680D38 /* Sources */,
				ACAABE612BE9DE3800680D38 /* Frameworks */,
				ACAABE622BE9DE3800680D38 /* Resources */,
			);
			buildRules = (
			);
			dependencies = (
				ACAABE662BE9DE3800680D38 /* PBXTargetDependency */,
			);
			name = "Github-GroupAss3Tests";
			productName = "Github-GroupAss3Tests";
			productReference = ACAABE642BE9DE3800680D38 /* Github-GroupAss3Tests.xctest */;
			productType = "com.apple.product-type.bundle.unit-test";
		};
		ACAABE6D2BE9DE3800680D38 /* Github-GroupAss3UITests */ = {
			isa = PBXNativeTarget;
			buildConfigurationList = ACAABE7E2BE9DE3800680D38 /* Build configuration list for PBXNativeTarget "Github-GroupAss3UITests" */;
			buildPhases = (
				ACAABE6A2BE9DE3800680D38 /* Sources */,
				ACAABE6B2BE9DE3800680D38 /* Frameworks */,
				ACAABE6C2BE9DE3800680D38 /* Resources */,
			);
			buildRules = (
			);
			dependencies = (
				ACAABE702BE9DE3800680D38 /* PBXTargetDependency */,
			);
			name = "Github-GroupAss3UITests";
			productName = "Github-GroupAss3UITests";
			productReference = ACAABE6E2BE9DE3800680D38 /* Github-GroupAss3UITests.xctest */;
			productType = "com.apple.product-type.bundle.ui-testing";
		};
/* End PBXNativeTarget section */

/* Begin PBXProject section */
		ACAABE4C2BE9DE3700680D38 /* Project object */ = {
			isa = PBXProject;
			attributes = {
				BuildIndependentTargetsInParallel = 1;
				LastSwiftUpdateCheck = 1530;
				LastUpgradeCheck = 1530;
				TargetAttributes = {
					ACAABE532BE9DE3700680D38 = {
						CreatedOnToolsVersion = 15.3;
					};
					ACAABE632BE9DE3800680D38 = {
						CreatedOnToolsVersion = 15.3;
						TestTargetID = ACAABE532BE9DE3700680D38;
					};
					ACAABE6D2BE9DE3800680D38 = {
						CreatedOnToolsVersion = 15.3;
						TestTargetID = ACAABE532BE9DE3700680D38;
					};
				};
			};
			buildConfigurationList = ACAABE4F2BE9DE3700680D38 /* Build configuration list for PBXProject "Github-GroupAss3" */;
			compatibilityVersion = "Xcode 14.0";
			developmentRegion = en;
			hasScannedForEncodings = 0;
			knownRegions = (
				en,
				Base,
			);
			mainGroup = ACAABE4B2BE9DE3700680D38;
			packageReferences = (
				AC385D612BEF797F00BED627 /* XCRemoteSwiftPackageReference "firebase-ios-sdk" */,
			);
			productRefGroup = ACAABE552BE9DE3700680D38 /* Products */;
			projectDirPath = "";
			projectRoot = "";
			targets = (
				ACAABE532BE9DE3700680D38 /* Github-GroupAss3 */,
				ACAABE632BE9DE3800680D38 /* Github-GroupAss3Tests */,
				ACAABE6D2BE9DE3800680D38 /* Github-GroupAss3UITests */,
			);
		};
/* End PBXProject section */

/* Begin PBXResourcesBuildPhase section */
		ACAABE522BE9DE3700680D38 /* Resources */ = {
			isa = PBXResourcesBuildPhase;
			buildActionMask = 2147483647;
			files = (
				ACAABE5F2BE9DE3800680D38 /* Preview Assets.xcassets in Resources */,
				ACAABE5C2BE9DE3800680D38 /* Assets.xcassets in Resources */,
				AC385D5E2BEF781400BED627 /* GoogleService-Info.plist in Resources */,
			);
			runOnlyForDeploymentPostprocessing = 0;
		};
		ACAABE622BE9DE3800680D38 /* Resources */ = {
			isa = PBXResourcesBuildPhase;
			buildActionMask = 2147483647;
			files = (
				AC385D5F2BEF781400BED627 /* GoogleService-Info.plist in Resources */,
			);
			runOnlyForDeploymentPostprocessing = 0;
		};
		ACAABE6C2BE9DE3800680D38 /* Resources */ = {
			isa = PBXResourcesBuildPhase;
			buildActionMask = 2147483647;
			files = (
				AC385D602BEF781400BED627 /* GoogleService-Info.plist in Resources */,
			);
			runOnlyForDeploymentPostprocessing = 0;
		};
/* End PBXResourcesBuildPhase section */

/* Begin PBXSourcesBuildPhase section */
		ACAABE502BE9DE3700680D38 /* Sources */ = {
			isa = PBXSourcesBuildPhase;
			buildActionMask = 2147483647;
			files = (
				84EC5E762BF0B3E000FC1577 /* AfterBookView.swift in Sources */,
				AC385D5C2BEF3EFD00BED627 /* AboutUsViewModel.swift in Sources */,
				ACAABE5A2BE9DE3700680D38 /* ContentView.swift in Sources */,
				C99BD1DF2BF2546300BDCF13 /* MovieInfoViewModel.swift in Sources */,
				AC0016BA2BF096BA0081B48E /* ProfileEditView.swift in Sources */,
				AC0016B22BF062170081B48E /* ProfileView.swift in Sources */,
				AC385D582BED1A0900BED627 /* RegisterViewModel.swift in Sources */,
				C9A7391D2BF7244F00CA408E /* ManageMovieEditView.swift in Sources */,
				C9A739212BF7248B00CA408E /* ManageMovieEditViewModel.swift in Sources */,
				AC0016BC2BF096D40081B48E /* ProfileEditViewModel.swift in Sources */,
				AC385D562BED192100BED627 /* RegisterView.swift in Sources */,
				AC0016B42BF08AA10081B48E /* MenuViewModel.swift in Sources */,
				2CFD70F22BF29E62003C2D3D /* SeatsViewModel.swift in Sources */,
				C9A7391B2BF7242500CA408E /* ManageView.swift in Sources */,
				AC385D522BECF9C400BED627 /* MenuView.swift in Sources */,
				AC0016B62BF08FCC0081B48E /* UserSettingModel.swift in Sources */,
				84EC5E742BF0B3C700FC1577 /* AfterBookViewModel.swift in Sources */,
				84EC5E722BF0ACAD00FC1577 /* BookViewModel.swift in Sources */,
				C99BD1E12BF254AF00BDCF13 /* MovieInfoView.swift in Sources */,
				AC385D542BED162B00BED627 /* LoginView.swift in Sources */,
				ACAABE582BE9DE3700680D38 /* Github_GroupAss3App.swift in Sources */,
				AC0016B82BF0921D0081B48E /* ProfileViewModel.swift in Sources */,
				AC385D5A2BEF31BF00BED627 /* AboutUsView.swift in Sources */,
				2CFD70F02BF29E4F003C2D3D /* SeatsView.swift in Sources */,
				AC385D712BF0440600BED627 /* LoginViewModel.swift in Sources */,
				84EC5E702BF0AC1700FC1577 /* BookView.swift in Sources */,
				C9A7391F2BF7246800CA408E /* ManageViewModel.swift in Sources */,
				C99BD1DD2BF24A0800BDCF13 /* EventViewModel.swift in Sources */,
				C99BD1DB2BF249EE00BDCF13 /* EventView.swift in Sources */,
			);
			runOnlyForDeploymentPostprocessing = 0;
		};
		ACAABE602BE9DE3800680D38 /* Sources */ = {
			isa = PBXSourcesBuildPhase;
			buildActionMask = 2147483647;
			files = (
				ACAABE692BE9DE3800680D38 /* Github_GroupAss3Tests.swift in Sources */,
			);
			runOnlyForDeploymentPostprocessing = 0;
		};
		ACAABE6A2BE9DE3800680D38 /* Sources */ = {
			isa = PBXSourcesBuildPhase;
			buildActionMask = 2147483647;
			files = (
				ACAABE732BE9DE3800680D38 /* Github_GroupAss3UITests.swift in Sources */,
				ACAABE752BE9DE3800680D38 /* Github_GroupAss3UITestsLaunchTests.swift in Sources */,
			);
			runOnlyForDeploymentPostprocessing = 0;
		};
/* End PBXSourcesBuildPhase section */

/* Begin PBXTargetDependency section */
		ACAABE662BE9DE3800680D38 /* PBXTargetDependency */ = {
			isa = PBXTargetDependency;
			target = ACAABE532BE9DE3700680D38 /* Github-GroupAss3 */;
			targetProxy = ACAABE652BE9DE3800680D38 /* PBXContainerItemProxy */;
		};
		ACAABE702BE9DE3800680D38 /* PBXTargetDependency */ = {
			isa = PBXTargetDependency;
			target = ACAABE532BE9DE3700680D38 /* Github-GroupAss3 */;
			targetProxy = ACAABE6F2BE9DE3800680D38 /* PBXContainerItemProxy */;
		};
/* End PBXTargetDependency section */

/* Begin XCBuildConfiguration section */
		ACAABE762BE9DE3800680D38 /* Debug */ = {
			isa = XCBuildConfiguration;
			buildSettings = {
				ALWAYS_SEARCH_USER_PATHS = NO;
				ASSETCATALOG_COMPILER_GENERATE_SWIFT_ASSET_SYMBOL_EXTENSIONS = YES;
				CLANG_ANALYZER_NONNULL = YES;
				CLANG_ANALYZER_NUMBER_OBJECT_CONVERSION = YES_AGGRESSIVE;
				CLANG_CXX_LANGUAGE_STANDARD = "gnu++20";
				CLANG_ENABLE_MODULES = YES;
				CLANG_ENABLE_OBJC_ARC = YES;
				CLANG_ENABLE_OBJC_WEAK = YES;
				CLANG_WARN_BLOCK_CAPTURE_AUTORELEASING = YES;
				CLANG_WARN_BOOL_CONVERSION = YES;
				CLANG_WARN_COMMA = YES;
				CLANG_WARN_CONSTANT_CONVERSION = YES;
				CLANG_WARN_DEPRECATED_OBJC_IMPLEMENTATIONS = YES;
				CLANG_WARN_DIRECT_OBJC_ISA_USAGE = YES_ERROR;
				CLANG_WARN_DOCUMENTATION_COMMENTS = YES;
				CLANG_WARN_EMPTY_BODY = YES;
				CLANG_WARN_ENUM_CONVERSION = YES;
				CLANG_WARN_INFINITE_RECURSION = YES;
				CLANG_WARN_INT_CONVERSION = YES;
				CLANG_WARN_NON_LITERAL_NULL_CONVERSION = YES;
				CLANG_WARN_OBJC_IMPLICIT_RETAIN_SELF = YES;
				CLANG_WARN_OBJC_LITERAL_CONVERSION = YES;
				CLANG_WARN_OBJC_ROOT_CLASS = YES_ERROR;
				CLANG_WARN_QUOTED_INCLUDE_IN_FRAMEWORK_HEADER = YES;
				CLANG_WARN_RANGE_LOOP_ANALYSIS = YES;
				CLANG_WARN_STRICT_PROTOTYPES = YES;
				CLANG_WARN_SUSPICIOUS_MOVE = YES;
				CLANG_WARN_UNGUARDED_AVAILABILITY = YES_AGGRESSIVE;
				CLANG_WARN_UNREACHABLE_CODE = YES;
				CLANG_WARN__DUPLICATE_METHOD_MATCH = YES;
				COPY_PHASE_STRIP = NO;
				DEBUG_INFORMATION_FORMAT = dwarf;
				ENABLE_STRICT_OBJC_MSGSEND = YES;
				ENABLE_TESTABILITY = YES;
				ENABLE_USER_SCRIPT_SANDBOXING = YES;
				GCC_C_LANGUAGE_STANDARD = gnu17;
				GCC_DYNAMIC_NO_PIC = NO;
				GCC_NO_COMMON_BLOCKS = YES;
				GCC_OPTIMIZATION_LEVEL = 0;
				GCC_PREPROCESSOR_DEFINITIONS = (
					"DEBUG=1",
					"$(inherited)",
				);
				GCC_WARN_64_TO_32_BIT_CONVERSION = YES;
				GCC_WARN_ABOUT_RETURN_TYPE = YES_ERROR;
				GCC_WARN_UNDECLARED_SELECTOR = YES;
				GCC_WARN_UNINITIALIZED_AUTOS = YES_AGGRESSIVE;
				GCC_WARN_UNUSED_FUNCTION = YES;
				GCC_WARN_UNUSED_VARIABLE = YES;
				IPHONEOS_DEPLOYMENT_TARGET = 17.4;
				LOCALIZATION_PREFERS_STRING_CATALOGS = YES;
				MTL_ENABLE_DEBUG_INFO = INCLUDE_SOURCE;
				MTL_FAST_MATH = YES;
				ONLY_ACTIVE_ARCH = YES;
				SDKROOT = iphoneos;
				SWIFT_ACTIVE_COMPILATION_CONDITIONS = "DEBUG $(inherited)";
				SWIFT_OPTIMIZATION_LEVEL = "-Onone";
			};
			name = Debug;
		};
		ACAABE772BE9DE3800680D38 /* Release */ = {
			isa = XCBuildConfiguration;
			buildSettings = {
				ALWAYS_SEARCH_USER_PATHS = NO;
				ASSETCATALOG_COMPILER_GENERATE_SWIFT_ASSET_SYMBOL_EXTENSIONS = YES;
				CLANG_ANALYZER_NONNULL = YES;
				CLANG_ANALYZER_NUMBER_OBJECT_CONVERSION = YES_AGGRESSIVE;
				CLANG_CXX_LANGUAGE_STANDARD = "gnu++20";
				CLANG_ENABLE_MODULES = YES;
				CLANG_ENABLE_OBJC_ARC = YES;
				CLANG_ENABLE_OBJC_WEAK = YES;
				CLANG_WARN_BLOCK_CAPTURE_AUTORELEASING = YES;
				CLANG_WARN_BOOL_CONVERSION = YES;
				CLANG_WARN_COMMA = YES;
				CLANG_WARN_CONSTANT_CONVERSION = YES;
				CLANG_WARN_DEPRECATED_OBJC_IMPLEMENTATIONS = YES;
				CLANG_WARN_DIRECT_OBJC_ISA_USAGE = YES_ERROR;
				CLANG_WARN_DOCUMENTATION_COMMENTS = YES;
				CLANG_WARN_EMPTY_BODY = YES;
				CLANG_WARN_ENUM_CONVERSION = YES;
				CLANG_WARN_INFINITE_RECURSION = YES;
				CLANG_WARN_INT_CONVERSION = YES;
				CLANG_WARN_NON_LITERAL_NULL_CONVERSION = YES;
				CLANG_WARN_OBJC_IMPLICIT_RETAIN_SELF = YES;
				CLANG_WARN_OBJC_LITERAL_CONVERSION = YES;
				CLANG_WARN_OBJC_ROOT_CLASS = YES_ERROR;
				CLANG_WARN_QUOTED_INCLUDE_IN_FRAMEWORK_HEADER = YES;
				CLANG_WARN_RANGE_LOOP_ANALYSIS = YES;
				CLANG_WARN_STRICT_PROTOTYPES = YES;
				CLANG_WARN_SUSPICIOUS_MOVE = YES;
				CLANG_WARN_UNGUARDED_AVAILABILITY = YES_AGGRESSIVE;
				CLANG_WARN_UNREACHABLE_CODE = YES;
				CLANG_WARN__DUPLICATE_METHOD_MATCH = YES;
				COPY_PHASE_STRIP = NO;
				DEBUG_INFORMATION_FORMAT = "dwarf-with-dsym";
				ENABLE_NS_ASSERTIONS = NO;
				ENABLE_STRICT_OBJC_MSGSEND = YES;
				ENABLE_USER_SCRIPT_SANDBOXING = YES;
				GCC_C_LANGUAGE_STANDARD = gnu17;
				GCC_NO_COMMON_BLOCKS = YES;
				GCC_WARN_64_TO_32_BIT_CONVERSION = YES;
				GCC_WARN_ABOUT_RETURN_TYPE = YES_ERROR;
				GCC_WARN_UNDECLARED_SELECTOR = YES;
				GCC_WARN_UNINITIALIZED_AUTOS = YES_AGGRESSIVE;
				GCC_WARN_UNUSED_FUNCTION = YES;
				GCC_WARN_UNUSED_VARIABLE = YES;
				IPHONEOS_DEPLOYMENT_TARGET = 17.4;
				LOCALIZATION_PREFERS_STRING_CATALOGS = YES;
				MTL_ENABLE_DEBUG_INFO = NO;
				MTL_FAST_MATH = YES;
				SDKROOT = iphoneos;
				SWIFT_COMPILATION_MODE = wholemodule;
				VALIDATE_PRODUCT = YES;
			};
			name = Release;
		};
		ACAABE792BE9DE3800680D38 /* Debug */ = {
			isa = XCBuildConfiguration;
			buildSettings = {
				ASSETCATALOG_COMPILER_APPICON_NAME = AppIcon;
				ASSETCATALOG_COMPILER_GLOBAL_ACCENT_COLOR_NAME = AccentColor;
				CODE_SIGN_STYLE = Automatic;
				CURRENT_PROJECT_VERSION = 1;
				DEVELOPMENT_ASSET_PATHS = "\"Github-GroupAss3/Preview Content\"";
				ENABLE_PREVIEWS = YES;
				GENERATE_INFOPLIST_FILE = YES;
				INFOPLIST_KEY_UIApplicationSceneManifest_Generation = YES;
				INFOPLIST_KEY_UIApplicationSupportsIndirectInputEvents = YES;
				INFOPLIST_KEY_UILaunchScreen_Generation = YES;
				INFOPLIST_KEY_UISupportedInterfaceOrientations_iPad = "UIInterfaceOrientationPortrait UIInterfaceOrientationPortraitUpsideDown UIInterfaceOrientationLandscapeLeft UIInterfaceOrientationLandscapeRight";
				INFOPLIST_KEY_UISupportedInterfaceOrientations_iPhone = "UIInterfaceOrientationPortrait UIInterfaceOrientationLandscapeLeft UIInterfaceOrientationLandscapeRight";
				LD_RUNPATH_SEARCH_PATHS = (
					"$(inherited)",
					"@executable_path/Frameworks",
				);
				MARKETING_VERSION = 1.0;
				PRODUCT_BUNDLE_IDENTIFIER = "uts.lab.Github-GroupAss3";
				PRODUCT_NAME = "$(TARGET_NAME)";
				SWIFT_EMIT_LOC_STRINGS = YES;
				SWIFT_VERSION = 5.0;
				TARGETED_DEVICE_FAMILY = "1,2";
			};
			name = Debug;
		};
		ACAABE7A2BE9DE3800680D38 /* Release */ = {
			isa = XCBuildConfiguration;
			buildSettings = {
				ASSETCATALOG_COMPILER_APPICON_NAME = AppIcon;
				ASSETCATALOG_COMPILER_GLOBAL_ACCENT_COLOR_NAME = AccentColor;
				CODE_SIGN_STYLE = Automatic;
				CURRENT_PROJECT_VERSION = 1;
				DEVELOPMENT_ASSET_PATHS = "\"Github-GroupAss3/Preview Content\"";
				ENABLE_PREVIEWS = YES;
				GENERATE_INFOPLIST_FILE = YES;
				INFOPLIST_KEY_UIApplicationSceneManifest_Generation = YES;
				INFOPLIST_KEY_UIApplicationSupportsIndirectInputEvents = YES;
				INFOPLIST_KEY_UILaunchScreen_Generation = YES;
				INFOPLIST_KEY_UISupportedInterfaceOrientations_iPad = "UIInterfaceOrientationPortrait UIInterfaceOrientationPortraitUpsideDown UIInterfaceOrientationLandscapeLeft UIInterfaceOrientationLandscapeRight";
				INFOPLIST_KEY_UISupportedInterfaceOrientations_iPhone = "UIInterfaceOrientationPortrait UIInterfaceOrientationLandscapeLeft UIInterfaceOrientationLandscapeRight";
				LD_RUNPATH_SEARCH_PATHS = (
					"$(inherited)",
					"@executable_path/Frameworks",
				);
				MARKETING_VERSION = 1.0;
				PRODUCT_BUNDLE_IDENTIFIER = "uts.lab.Github-GroupAss3";
				PRODUCT_NAME = "$(TARGET_NAME)";
				SWIFT_EMIT_LOC_STRINGS = YES;
				SWIFT_VERSION = 5.0;
				TARGETED_DEVICE_FAMILY = "1,2";
			};
			name = Release;
		};
		ACAABE7C2BE9DE3800680D38 /* Debug */ = {
			isa = XCBuildConfiguration;
			buildSettings = {
				ALWAYS_EMBED_SWIFT_STANDARD_LIBRARIES = YES;
				BUNDLE_LOADER = "$(TEST_HOST)";
				CODE_SIGN_STYLE = Automatic;
				CURRENT_PROJECT_VERSION = 1;
				GENERATE_INFOPLIST_FILE = YES;
				IPHONEOS_DEPLOYMENT_TARGET = 17.4;
				MARKETING_VERSION = 1.0;
				PRODUCT_BUNDLE_IDENTIFIER = "uts.lab.Github-GroupAss3Tests";
				PRODUCT_NAME = "$(TARGET_NAME)";
				SWIFT_EMIT_LOC_STRINGS = NO;
				SWIFT_VERSION = 5.0;
				TARGETED_DEVICE_FAMILY = "1,2";
				TEST_HOST = "$(BUILT_PRODUCTS_DIR)/Github-GroupAss3.app/$(BUNDLE_EXECUTABLE_FOLDER_PATH)/Github-GroupAss3";
			};
			name = Debug;
		};
		ACAABE7D2BE9DE3800680D38 /* Release */ = {
			isa = XCBuildConfiguration;
			buildSettings = {
				ALWAYS_EMBED_SWIFT_STANDARD_LIBRARIES = YES;
				BUNDLE_LOADER = "$(TEST_HOST)";
				CODE_SIGN_STYLE = Automatic;
				CURRENT_PROJECT_VERSION = 1;
				GENERATE_INFOPLIST_FILE = YES;
				IPHONEOS_DEPLOYMENT_TARGET = 17.4;
				MARKETING_VERSION = 1.0;
				PRODUCT_BUNDLE_IDENTIFIER = "uts.lab.Github-GroupAss3Tests";
				PRODUCT_NAME = "$(TARGET_NAME)";
				SWIFT_EMIT_LOC_STRINGS = NO;
				SWIFT_VERSION = 5.0;
				TARGETED_DEVICE_FAMILY = "1,2";
				TEST_HOST = "$(BUILT_PRODUCTS_DIR)/Github-GroupAss3.app/$(BUNDLE_EXECUTABLE_FOLDER_PATH)/Github-GroupAss3";
			};
			name = Release;
		};
		ACAABE7F2BE9DE3800680D38 /* Debug */ = {
			isa = XCBuildConfiguration;
			buildSettings = {
				ALWAYS_EMBED_SWIFT_STANDARD_LIBRARIES = YES;
				CODE_SIGN_STYLE = Automatic;
				CURRENT_PROJECT_VERSION = 1;
				GENERATE_INFOPLIST_FILE = YES;
				MARKETING_VERSION = 1.0;
				PRODUCT_BUNDLE_IDENTIFIER = "uts.lab.Github-GroupAss3UITests";
				PRODUCT_NAME = "$(TARGET_NAME)";
				SWIFT_EMIT_LOC_STRINGS = NO;
				SWIFT_VERSION = 5.0;
				TARGETED_DEVICE_FAMILY = "1,2";
				TEST_TARGET_NAME = "Github-GroupAss3";
			};
			name = Debug;
		};
		ACAABE802BE9DE3800680D38 /* Release */ = {
			isa = XCBuildConfiguration;
			buildSettings = {
				ALWAYS_EMBED_SWIFT_STANDARD_LIBRARIES = YES;
				CODE_SIGN_STYLE = Automatic;
				CURRENT_PROJECT_VERSION = 1;
				GENERATE_INFOPLIST_FILE = YES;
				MARKETING_VERSION = 1.0;
				PRODUCT_BUNDLE_IDENTIFIER = "uts.lab.Github-GroupAss3UITests";
				PRODUCT_NAME = "$(TARGET_NAME)";
				SWIFT_EMIT_LOC_STRINGS = NO;
				SWIFT_VERSION = 5.0;
				TARGETED_DEVICE_FAMILY = "1,2";
				TEST_TARGET_NAME = "Github-GroupAss3";
			};
			name = Release;
		};
/* End XCBuildConfiguration section */

/* Begin XCConfigurationList section */
		ACAABE4F2BE9DE3700680D38 /* Build configuration list for PBXProject "Github-GroupAss3" */ = {
			isa = XCConfigurationList;
			buildConfigurations = (
				ACAABE762BE9DE3800680D38 /* Debug */,
				ACAABE772BE9DE3800680D38 /* Release */,
			);
			defaultConfigurationIsVisible = 0;
			defaultConfigurationName = Release;
		};
		ACAABE782BE9DE3800680D38 /* Build configuration list for PBXNativeTarget "Github-GroupAss3" */ = {
			isa = XCConfigurationList;
			buildConfigurations = (
				ACAABE792BE9DE3800680D38 /* Debug */,
				ACAABE7A2BE9DE3800680D38 /* Release */,
			);
			defaultConfigurationIsVisible = 0;
			defaultConfigurationName = Release;
		};
		ACAABE7B2BE9DE3800680D38 /* Build configuration list for PBXNativeTarget "Github-GroupAss3Tests" */ = {
			isa = XCConfigurationList;
			buildConfigurations = (
				ACAABE7C2BE9DE3800680D38 /* Debug */,
				ACAABE7D2BE9DE3800680D38 /* Release */,
			);
			defaultConfigurationIsVisible = 0;
			defaultConfigurationName = Release;
		};
		ACAABE7E2BE9DE3800680D38 /* Build configuration list for PBXNativeTarget "Github-GroupAss3UITests" */ = {
			isa = XCConfigurationList;
			buildConfigurations = (
				ACAABE7F2BE9DE3800680D38 /* Debug */,
				ACAABE802BE9DE3800680D38 /* Release */,
			);
			defaultConfigurationIsVisible = 0;
			defaultConfigurationName = Release;
		};
/* End XCConfigurationList section */

/* Begin XCRemoteSwiftPackageReference section */
		AC385D612BEF797F00BED627 /* XCRemoteSwiftPackageReference "firebase-ios-sdk" */ = {
			isa = XCRemoteSwiftPackageReference;
			repositoryURL = "https://github.com/firebase/firebase-ios-sdk";
			requirement = {
				kind = upToNextMajorVersion;
				minimumVersion = 10.25.0;
			};
		};
/* End XCRemoteSwiftPackageReference section */

/* Begin XCSwiftPackageProductDependency section */
		AC385D622BEF797F00BED627 /* FirebaseAnalytics */ = {
			isa = XCSwiftPackageProductDependency;
			package = AC385D612BEF797F00BED627 /* XCRemoteSwiftPackageReference "firebase-ios-sdk" */;
			productName = FirebaseAnalytics;
		};
		AC385D642BEF797F00BED627 /* FirebaseAnalyticsSwift */ = {
			isa = XCSwiftPackageProductDependency;
			package = AC385D612BEF797F00BED627 /* XCRemoteSwiftPackageReference "firebase-ios-sdk" */;
			productName = FirebaseAnalyticsSwift;
		};
		AC385D662BEF7D4D00BED627 /* FirebaseAnalyticsOnDeviceConversion */ = {
			isa = XCSwiftPackageProductDependency;
			package = AC385D612BEF797F00BED627 /* XCRemoteSwiftPackageReference "firebase-ios-sdk" */;
			productName = FirebaseAnalyticsOnDeviceConversion;
		};
		AC385D682BEF7D4D00BED627 /* FirebaseDatabase */ = {
			isa = XCSwiftPackageProductDependency;
			package = AC385D612BEF797F00BED627 /* XCRemoteSwiftPackageReference "firebase-ios-sdk" */;
			productName = FirebaseDatabase;
		};
		AC385D6A2BEF7D4D00BED627 /* FirebaseDatabaseSwift */ = {
			isa = XCSwiftPackageProductDependency;
			package = AC385D612BEF797F00BED627 /* XCRemoteSwiftPackageReference "firebase-ios-sdk" */;
			productName = FirebaseDatabaseSwift;
		};
		AC385D6C2BEF7D4D00BED627 /* FirebaseFirestore */ = {
			isa = XCSwiftPackageProductDependency;
			package = AC385D612BEF797F00BED627 /* XCRemoteSwiftPackageReference "firebase-ios-sdk" */;
			productName = FirebaseFirestore;
		};
		AC385D6E2BEF7D4D00BED627 /* FirebaseFirestoreSwift */ = {
			isa = XCSwiftPackageProductDependency;
			package = AC385D612BEF797F00BED627 /* XCRemoteSwiftPackageReference "firebase-ios-sdk" */;
			productName = FirebaseFirestoreSwift;
		};
		AC385D732BF04A9700BED627 /* FirebaseAuth */ = {
			isa = XCSwiftPackageProductDependency;
			package = AC385D612BEF797F00BED627 /* XCRemoteSwiftPackageReference "firebase-ios-sdk" */;
			productName = FirebaseAuth;
		};
/* End XCSwiftPackageProductDependency section */
	};
	rootObject = ACAABE4C2BE9DE3700680D38 /* Project object */;
}
